<Solution>
  <Folder Name="/src/">
    <Project Path="src/Unpwn.App/Unpwn.App.csproj" />
    <Project Path="src/Unpwn.Application/Unpwn.Application.csproj" />
    <Project Path="src/Unpwn.Automation/Unpwn.Automation.csproj" />
    <Project Path="src/Unpwn.Core/Unpwn.Core.csproj" />
    <Project Path="src/Unpwn.Export/Unpwn.Export.csproj" />
    <Project Path="src/Unpwn.Import/Unpwn.Import.csproj" />
    <Project Path="src/Unpwn.Infrastructure/Unpwn.Infrastructure.csproj" />
    <Project Path="src/Unpwn.Providers/Unpwn.Providers.csproj" />
    <Project Path="src/Unpwn.Vault/Unpwn.Vault.csproj" />
  </Folder>
  <Folder Name="/tests/">
    <Project Path="tests/Unpwn.App.Tests/Unpwn.App.Tests.csproj" />
    <Project Path="tests/Unpwn.Architecture.Tests/Unpwn.Architecture.Tests.csproj" />
    <Project Path="tests/Unpwn.Application.Tests/Unpwn.Application.Tests.csproj" />
    <Project Path="tests/Unpwn.Automation.Tests/Unpwn.Automation.Tests.csproj" />
    <Project Path="tests/Unpwn.Core.Tests/Unpwn.Core.Tests.csproj" />
    <Project Path="tests/Unpwn.Export.Tests/Unpwn.Export.Tests.csproj" />
    <Project Path="tests/Unpwn.Import.Tests/Unpwn.Import.Tests.csproj" />
    <Project Path="tests/Unpwn.SyntheticProvider.Tests/Unpwn.SyntheticProvider.Tests.csproj" />
    <Project Path="tests/Unpwn.Vault.Tests/Unpwn.Vault.Tests.csproj" />
  </Folder>
</Solution>
